# This file is automatically @generated by Poetry 1.7.1 and should not be changed by hand.

[[package]]
name = "cffi"
version = "1.16.0"
description = "Foreign Function Interface for Python calling C code."
optional = false
python-versions = ">=3.8"
files = [
    {file = "cffi-1.16.0-cp310-cp310-macosx_10_9_x86_64.whl", hash = "sha256:6b3d6606d369fc1da4fd8c357d026317fbb9c9b75d36dc16e90e84c26854b088"},
    {file = "cffi-1.16.0-cp310-cp310-macosx_11_0_arm64.whl", hash = "sha256:ac0f5edd2360eea2f1daa9e26a41db02dd4b0451b48f7c318e217ee092a213e9"},
    {file = "cffi-1.16.0-cp310-cp310-manylinux_2_12_i686.manylinux2010_i686.manylinux_2_17_i686.manylinux2014_i686.whl", hash = "sha256:7e61e3e4fa664a8588aa25c883eab612a188c725755afff6289454d6362b9673"},
    {file = "cffi-1.16.0-cp310-cp310-manylinux_2_17_aarch64.manylinux2014_aarch64.whl", hash = "sha256:a72e8961a86d19bdb45851d8f1f08b041ea37d2bd8d4fd19903bc3083d80c896"},
    {file = "cffi-1.16.0-cp310-cp310-manylinux_2_17_ppc64le.manylinux2014_ppc64le.whl", hash = "sha256:5b50bf3f55561dac5438f8e70bfcdfd74543fd60df5fa5f62d94e5867deca684"},
    {file = "cffi-1.16.0-cp310-cp310-manylinux_2_17_s390x.manylinux2014_s390x.whl", hash = "sha256:7651c50c8c5ef7bdb41108b7b8c5a83013bfaa8a935590c5d74627c047a583c7"},
    {file = "cffi-1.16.0-cp310-cp310-manylinux_2_17_x86_64.manylinux2014_x86_64.whl", hash = "sha256:e4108df7fe9b707191e55f33efbcb2d81928e10cea45527879a4749cbe472614"},
    {file = "cffi-1.16.0-cp310-cp310-musllinux_1_1_i686.whl", hash = "sha256:32c68ef735dbe5857c810328cb2481e24722a59a2003018885514d4c09af9743"},
    {file = "cffi-1.16.0-cp310-cp310-musllinux_1_1_x86_64.whl", hash = "sha256:673739cb539f8cdaa07d92d02efa93c9ccf87e345b9a0b556e3ecc666718468d"},
    {file = "cffi-1.16.0-cp310-cp310-win32.whl", hash = "sha256:9f90389693731ff1f659e55c7d1640e2ec43ff725cc61b04b2f9c6d8d017df6a"},
    {file = "cffi-1.16.0-cp310-cp310-win_amd64.whl", hash = "sha256:e6024675e67af929088fda399b2094574609396b1decb609c55fa58b028a32a1"},
    {file = "cffi-1.16.0-cp311-cp311-macosx_10_9_x86_64.whl", hash = "sha256:b84834d0cf97e7d27dd5b7f3aca7b6e9263c56308ab9dc8aae9784abb774d404"},
    {file = "cffi-1.16.0-cp311-cp311-macosx_11_0_arm64.whl", hash = "sha256:1b8ebc27c014c59692bb2664c7d13ce7a6e9a629be20e54e7271fa696ff2b417"},
    {file = "cffi-1.16.0-cp311-cp311-manylinux_2_12_i686.manylinux2010_i686.manylinux_2_17_i686.manylinux2014_i686.whl", hash = "sha256:ee07e47c12890ef248766a6e55bd38ebfb2bb8edd4142d56db91b21ea68b7627"},
    {file = "cffi-1.16.0-cp311-cp311-manylinux_2_17_aarch64.manylinux2014_aarch64.whl", hash = "sha256:d8a9d3ebe49f084ad71f9269834ceccbf398253c9fac910c4fd7053ff1386936"},
    {file = "cffi-1.16.0-cp311-cp311-manylinux_2_17_ppc64le.manylinux2014_ppc64le.whl", hash = "sha256:e70f54f1796669ef691ca07d046cd81a29cb4deb1e5f942003f401c0c4a2695d"},
    {file = "cffi-1.16.0-cp311-cp311-manylinux_2_17_s390x.manylinux2014_s390x.whl", hash = "sha256:5bf44d66cdf9e893637896c7faa22298baebcd18d1ddb6d2626a6e39793a1d56"},
    {file = "cffi-1.16.0-cp311-cp311-manylinux_2_17_x86_64.manylinux2014_x86_64.whl", hash = "sha256:7b78010e7b97fef4bee1e896df8a4bbb6712b7f05b7ef630f9d1da00f6444d2e"},
    {file = "cffi-1.16.0-cp311-cp311-musllinux_1_1_i686.whl", hash = "sha256:c6a164aa47843fb1b01e941d385aab7215563bb8816d80ff3a363a9f8448a8dc"},
    {file = "cffi-1.16.0-cp311-cp311-musllinux_1_1_x86_64.whl", hash = "sha256:e09f3ff613345df5e8c3667da1d918f9149bd623cd9070c983c013792a9a62eb"},
    {file = "cffi-1.16.0-cp311-cp311-win32.whl", hash = "sha256:2c56b361916f390cd758a57f2e16233eb4f64bcbeee88a4881ea90fca14dc6ab"},
    {file = "cffi-1.16.0-cp311-cp311-win_amd64.whl", hash = "sha256:db8e577c19c0fda0beb7e0d4e09e0ba74b1e4c092e0e40bfa12fe05b6f6d75ba"},
    {file = "cffi-1.16.0-cp312-cp312-macosx_10_9_x86_64.whl", hash = "sha256:fa3a0128b152627161ce47201262d3140edb5a5c3da88d73a1b790a959126956"},
    {file = "cffi-1.16.0-cp312-cp312-macosx_11_0_arm64.whl", hash = "sha256:68e7c44931cc171c54ccb702482e9fc723192e88d25a0e133edd7aff8fcd1f6e"},
    {file = "cffi-1.16.0-cp312-cp312-manylinux_2_12_i686.manylinux2010_i686.manylinux_2_17_i686.manylinux2014_i686.whl", hash = "sha256:abd808f9c129ba2beda4cfc53bde801e5bcf9d6e0f22f095e45327c038bfe68e"},
    {file = "cffi-1.16.0-cp312-cp312-manylinux_2_17_aarch64.manylinux2014_aarch64.whl", hash = "sha256:88e2b3c14bdb32e440be531ade29d3c50a1a59cd4e51b1dd8b0865c54ea5d2e2"},
    {file = "cffi-1.16.0-cp312-cp312-manylinux_2_17_ppc64le.manylinux2014_ppc64le.whl", hash = "sha256:fcc8eb6d5902bb1cf6dc4f187ee3ea80a1eba0a89aba40a5cb20a5087d961357"},
    {file = "cffi-1.16.0-cp312-cp312-manylinux_2_17_s390x.manylinux2014_s390x.whl", hash = "sha256:b7be2d771cdba2942e13215c4e340bfd76398e9227ad10402a8767ab1865d2e6"},
    {file = "cffi-1.16.0-cp312-cp312-manylinux_2_17_x86_64.manylinux2014_x86_64.whl", hash = "sha256:e715596e683d2ce000574bae5d07bd522c781a822866c20495e52520564f0969"},
    {file = "cffi-1.16.0-cp312-cp312-musllinux_1_1_x86_64.whl", hash = "sha256:2d92b25dbf6cae33f65005baf472d2c245c050b1ce709cc4588cdcdd5495b520"},
    {file = "cffi-1.16.0-cp312-cp312-win32.whl", hash = "sha256:b2ca4e77f9f47c55c194982e10f058db063937845bb2b7a86c84a6cfe0aefa8b"},
    {file = "cffi-1.16.0-cp312-cp312-win_amd64.whl", hash = "sha256:68678abf380b42ce21a5f2abde8efee05c114c2fdb2e9eef2efdb0257fba1235"},
    {file = "cffi-1.16.0-cp38-cp38-macosx_10_9_x86_64.whl", hash = "sha256:0c9ef6ff37e974b73c25eecc13952c55bceed9112be2d9d938ded8e856138bcc"},
    {file = "cffi-1.16.0-cp38-cp38-manylinux_2_12_i686.manylinux2010_i686.manylinux_2_17_i686.manylinux2014_i686.whl", hash = "sha256:a09582f178759ee8128d9270cd1344154fd473bb77d94ce0aeb2a93ebf0feaf0"},
    {file = "cffi-1.16.0-cp38-cp38-manylinux_2_17_aarch64.manylinux2014_aarch64.whl", hash = "sha256:e760191dd42581e023a68b758769e2da259b5d52e3103c6060ddc02c9edb8d7b"},
    {file = "cffi-1.16.0-cp38-cp38-manylinux_2_17_ppc64le.manylinux2014_ppc64le.whl", hash = "sha256:80876338e19c951fdfed6198e70bc88f1c9758b94578d5a7c4c91a87af3cf31c"},
    {file = "cffi-1.16.0-cp38-cp38-manylinux_2_17_s390x.manylinux2014_s390x.whl", hash = "sha256:a6a14b17d7e17fa0d207ac08642c8820f84f25ce17a442fd15e27ea18d67c59b"},
    {file = "cffi-1.16.0-cp38-cp38-manylinux_2_17_x86_64.manylinux2014_x86_64.whl", hash = "sha256:6602bc8dc6f3a9e02b6c22c4fc1e47aa50f8f8e6d3f78a5e16ac33ef5fefa324"},
    {file = "cffi-1.16.0-cp38-cp38-win32.whl", hash = "sha256:131fd094d1065b19540c3d72594260f118b231090295d8c34e19a7bbcf2e860a"},
    {file = "cffi-1.16.0-cp38-cp38-win_amd64.whl", hash = "sha256:31d13b0f99e0836b7ff893d37af07366ebc90b678b6664c955b54561fc36ef36"},
    {file = "cffi-1.16.0-cp39-cp39-macosx_10_9_x86_64.whl", hash = "sha256:582215a0e9adbe0e379761260553ba11c58943e4bbe9c36430c4ca6ac74b15ed"},
    {file = "cffi-1.16.0-cp39-cp39-macosx_11_0_arm64.whl", hash = "sha256:b29ebffcf550f9da55bec9e02ad430c992a87e5f512cd63388abb76f1036d8d2"},
    {file = "cffi-1.16.0-cp39-cp39-manylinux_2_12_i686.manylinux2010_i686.manylinux_2_17_i686.manylinux2014_i686.whl", hash = "sha256:dc9b18bf40cc75f66f40a7379f6a9513244fe33c0e8aa72e2d56b0196a7ef872"},
    {file = "cffi-1.16.0-cp39-cp39-manylinux_2_17_aarch64.manylinux2014_aarch64.whl", hash = "sha256:9cb4a35b3642fc5c005a6755a5d17c6c8b6bcb6981baf81cea8bfbc8903e8ba8"},
    {file = "cffi-1.16.0-cp39-cp39-manylinux_2_17_ppc64le.manylinux2014_ppc64le.whl", hash = "sha256:b86851a328eedc692acf81fb05444bdf1891747c25af7529e39ddafaf68a4f3f"},
    {file = "cffi-1.16.0-cp39-cp39-manylinux_2_17_s390x.manylinux2014_s390x.whl", hash = "sha256:c0f31130ebc2d37cdd8e44605fb5fa7ad59049298b3f745c74fa74c62fbfcfc4"},
    {file = "cffi-1.16.0-cp39-cp39-manylinux_2_17_x86_64.manylinux2014_x86_64.whl", hash = "sha256:8f8e709127c6c77446a8c0a8c8bf3c8ee706a06cd44b1e827c3e6a2ee6b8c098"},
    {file = "cffi-1.16.0-cp39-cp39-musllinux_1_1_i686.whl", hash = "sha256:748dcd1e3d3d7cd5443ef03ce8685043294ad6bd7c02a38d1bd367cfd968e000"},
    {file = "cffi-1.16.0-cp39-cp39-musllinux_1_1_x86_64.whl", hash = "sha256:8895613bcc094d4a1b2dbe179d88d7fb4a15cee43c052e8885783fac397d91fe"},
    {file = "cffi-1.16.0-cp39-cp39-win32.whl", hash = "sha256:ed86a35631f7bfbb28e108dd96773b9d5a6ce4811cf6ea468bb6a359b256b1e4"},
    {file = "cffi-1.16.0-cp39-cp39-win_amd64.whl", hash = "sha256:3686dffb02459559c74dd3d81748269ffb0eb027c39a6fc99502de37d501faa8"},
    {file = "cffi-1.16.0.tar.gz", hash = "sha256:bcb3ef43e58665bbda2fb198698fcae6776483e0c4a631aa5647806c25e02cc0"},
]

[package.dependencies]
pycparser = "*"

[[package]]
name = "cmarkgfm"
version = "2024.1.14"
description = "Minimal bindings to GitHub's fork of cmark"
optional = false
python-versions = "*"
files = [
    {file = "cmarkgfm-2024.1.14-cp310-cp310-macosx_10_9_x86_64.whl", hash = "sha256:b676300ff04629c07c02687e5dc017fb7d1edf38a5dc1ab2ec28078a71195ce6"},
    {file = "cmarkgfm-2024.1.14-cp310-cp310-macosx_11_0_arm64.whl", hash = "sha256:7ccd6689108673be5bb19f3a3b02cf897fab9b04290a0548e4c6deec5a1fec9a"},
    {file = "cmarkgfm-2024.1.14-cp310-cp310-manylinux_2_17_aarch64.manylinux2014_aarch64.whl", hash = "sha256:b8d68eb075d2eb48e864d9c031b0117900e25a3c1c7ab8ce4f80c25b6ae7f346"},
    {file = "cmarkgfm-2024.1.14-cp310-cp310-manylinux_2_17_x86_64.manylinux2014_x86_64.whl", hash = "sha256:82b62dbc7f546c43d99964914133b7e4d7ef7ce4f411cd0acc95b382853aa47f"},
    {file = "cmarkgfm-2024.1.14-cp310-cp310-manylinux_2_5_i686.manylinux1_i686.manylinux_2_17_i686.manylinux2014_i686.whl", hash = "sha256:a3fe7e5357233649030f22dd816354e51c99f90857cff904a173bbd602733aca"},
    {file = "cmarkgfm-2024.1.14-cp310-cp310-musllinux_1_1_aarch64.whl", hash = "sha256:4310b7d5cc534c27454406963319a16c7f3f05ff75b7cd24a1091884c04248ad"},
    {file = "cmarkgfm-2024.1.14-cp310-cp310-musllinux_1_1_i686.whl", hash = "sha256:4ecb19b2fb24fe055bbaf0d38e8262642f27123b4339f1f10e7fabb726e57ee8"},
    {file = "cmarkgfm-2024.1.14-cp310-cp310-musllinux_1_1_x86_64.whl", hash = "sha256:7d3f497cbbaeb540a741a6516673045abcc11b41029bc3dbc95b3b5ea2cc2182"},
    {file = "cmarkgfm-2024.1.14-cp310-cp310-win32.whl", hash = "sha256:d399545833ff3f25f8f6d9b559be5878987f3e34cfc4fe79cefc1d33fd3da852"},
    {file = "cmarkgfm-2024.1.14-cp310-cp310-win_amd64.whl", hash = "sha256:bcd059584161491a2848e55ec73c28f17d8e89faec9ad860afa05246a6ee695f"},
    {file = "cmarkgfm-2024.1.14-cp311-cp311-macosx_10_9_x86_64.whl", hash = "sha256:6565d5659d80d119733a407af70e5de7c04e0822fabb91db83688e0e280cc174"},
    {file = "cmarkgfm-2024.1.14-cp311-cp311-macosx_11_0_arm64.whl", hash = "sha256:43db622d57e81dce30dcbea3a0198588080559473e5bafb68e10959dbf0a3d0f"},
    {file = "cmarkgfm-2024.1.14-cp311-cp311-manylinux_2_17_aarch64.manylinux2014_aarch64.whl", hash = "sha256:26d39c10b816392a3b54a9a7ba7ce894c40fee2813ac71554c424d6762c28ee6"},
    {file = "cmarkgfm-2024.1.14-cp311-cp311-manylinux_2_17_x86_64.manylinux2014_x86_64.whl", hash = "sha256:bba56ccec5b980c9da003ac7449c0cbe8045e4e046d4ce51273a47d3a9b84b1a"},
    {file = "cmarkgfm-2024.1.14-cp311-cp311-manylinux_2_5_i686.manylinux1_i686.manylinux_2_17_i686.manylinux2014_i686.whl", hash = "sha256:c552ef80fe8c29d647c86ab49b8f66aa7626e7de9009e4005bd2120698667fa2"},
    {file = "cmarkgfm-2024.1.14-cp311-cp311-musllinux_1_1_aarch64.whl", hash = "sha256:ce0f76ea3d47d206913db8f7933076191be4d8871019095a4880885531586ab5"},
    {file = "cmarkgfm-2024.1.14-cp311-cp311-musllinux_1_1_i686.whl", hash = "sha256:b0b5a3be0b76f2802f8f16c40d33f74ff68c0bca8860bd4b5252395181077534"},
    {file = "cmarkgfm-2024.1.14-cp311-cp311-musllinux_1_1_x86_64.whl", hash = "sha256:70db301d140d1f0cabe58770aad8506a4bd7fa0e5b0fae78c8f9a80712d14857"},
    {file = "cmarkgfm-2024.1.14-cp311-cp311-win32.whl", hash = "sha256:3cdc34d749601ff74209580fb7c80b3cbf1112d2832af52c14387cb04831ff2b"},
    {file = "cmarkgfm-2024.1.14-cp311-cp311-win_amd64.whl", hash = "sha256:8b8fd26ff27b9895f48459b8e556b9d6c4d255ac3735b3b2f8b14b9787ff6b89"},
    {file = "cmarkgfm-2024.1.14-cp312-cp312-macosx_10_9_x86_64.whl", hash = "sha256:eb595be70d86d1497826f80e3e04b46001b2b94bccc099619daea693923a88b3"},
    {file = "cmarkgfm-2024.1.14-cp312-cp312-macosx_11_0_arm64.whl", hash = "sha256:a8c929836caf96c4fb7fd5e7f9efe6fbb6aa57f9dfae543f74f10b55d5a92b56"},
    {file = "cmarkgfm-2024.1.14-cp312-cp312-manylinux_2_17_aarch64.manylinux2014_aarch64.whl", hash = "sha256:07b83ae8de9a397629b4dbe4f190e8edc87b2b94548fbc644ed006a5cc94d959"},
    {file = "cmarkgfm-2024.1.14-cp312-cp312-manylinux_2_17_x86_64.manylinux2014_x86_64.whl", hash = "sha256:5a922846197ac9452cca8aaa9c4b5e56b215299d067e704df9c56c8d87463335"},
    {file = "cmarkgfm-2024.1.14-cp312-cp312-manylinux_2_5_i686.manylinux1_i686.manylinux_2_17_i686.manylinux2014_i686.whl", hash = "sha256:53ccf3d184080f8626264f49866df4ead90685f4d5a3d5d01ffba7f50fd15512"},
    {file = "cmarkgfm-2024.1.14-cp312-cp312-musllinux_1_1_aarch64.whl", hash = "sha256:a9bd82bac3673a0848fa09512ae61059943462ce824944faaeadc727068d9e19"},
    {file = "cmarkgfm-2024.1.14-cp312-cp312-musllinux_1_1_i686.whl", hash = "sha256:1f530595c5fbd92c248576ce43771bd07289c1d42623422d669e20ddb545d41b"},
    {file = "cmarkgfm-2024.1.14-cp312-cp312-musllinux_1_1_x86_64.whl", hash = "sha256:2196871b8f42dea9d85e1a3c1bcb5e05758946874441ec3f7226d80881284e32"},
    {file = "cmarkgfm-2024.1.14-cp312-cp312-win32.whl", hash = "sha256:7de3d8bfc64168419a6d1edb223616ac6f54b67e20e4b6b70f3ae659fd3f3f31"},
    {file = "cmarkgfm-2024.1.14-cp312-cp312-win_amd64.whl", hash = "sha256:ded64f663955f852d8965b40ab47718461df6d42d12719264b09a23d33b8d38f"},
    {file = "cmarkgfm-2024.1.14-cp36-cp36m-macosx_10_9_x86_64.whl", hash = "sha256:3340c8867ee9a3d2590eb020f22cdc4e101d3d4d9f4a8cc95964f45666ed58f0"},
    {file = "cmarkgfm-2024.1.14-cp36-cp36m-manylinux_2_17_aarch64.manylinux2014_aarch64.whl", hash = "sha256:bc6fb79ef6f93dd497fd2b85be032636bb955a762c42f52ed65fefe32525fc2b"},
    {file = "cmarkgfm-2024.1.14-cp36-cp36m-manylinux_2_17_x86_64.manylinux2014_x86_64.whl", hash = "sha256:890a235fc0cf5c821ed4dd81a5405a526e9cc616761345aee54840a575b7f969"},
    {file = "cmarkgfm-2024.1.14-cp36-cp36m-manylinux_2_5_i686.manylinux1_i686.manylinux_2_17_i686.manylinux2014_i686.whl", hash = "sha256:5aa2e85a1e0f3929015d5fe023bd3664d8c744d3f898bdd05df99ed905782376"},
    {file = "cmarkgfm-2024.1.14-cp36-cp36m-musllinux_1_1_aarch64.whl", hash = "sha256:283de0cf88c784f71e8416cf40fffc133d6ffd9686dbf094c4b5c522e1283343"},
    {file = "cmarkgfm-2024.1.14-cp36-cp36m-musllinux_1_1_i686.whl", hash = "sha256:2bc2dc101dd6b27aaa264f4c3e8eb444b850b06c60dc4cd278ea743fb085c35b"},
    {file = "cmarkgfm-2024.1.14-cp36-cp36m-musllinux_1_1_x86_64.whl", hash = "sha256:494daf9790dd1a5440bbe3f5c70e01afbeeb3b7565d373b05b3bfa311a0ac3e3"},
    {file = "cmarkgfm-2024.1.14-cp36-cp36m-win32.whl", hash = "sha256:e51707471196d199f03aff1c5e12860d12a44e7bf29302e7bb485074f8e62ff0"},
    {file = "cmarkgfm-2024.1.14-cp36-cp36m-win_amd64.whl", hash = "sha256:bee28a3cc0abae18a46119ff1cde0db991f5ebe235d24c95bbaa672a63b5d695"},
    {file = "cmarkgfm-2024.1.14-cp37-cp37m-macosx_10_9_x86_64.whl", hash = "sha256:e601ed6c9a44c5f86b392afef2f66711da07924825a4ff695eec9a3cfc905732"},
    {file = "cmarkgfm-2024.1.14-cp37-cp37m-manylinux_2_17_aarch64.manylinux2014_aarch64.whl", hash = "sha256:1f8205bed32be4226f8e344d4e4be001a57929059c3303107485dacc145df5a8"},
    {file = "cmarkgfm-2024.1.14-cp37-cp37m-manylinux_2_17_x86_64.manylinux2014_x86_64.whl", hash = "sha256:6d14d928ad46974098979358ca456a056b8df91d5e6fa6e9294bd1173dfdfa10"},
    {file = "cmarkgfm-2024.1.14-cp37-cp37m-manylinux_2_5_i686.manylinux1_i686.manylinux_2_17_i686.manylinux2014_i686.whl", hash = "sha256:56d68fcf5e71879c327f0889b1127ce58e85e1ac44a624f24933430d726381f3"},
    {file = "cmarkgfm-2024.1.14-cp37-cp37m-musllinux_1_1_aarch64.whl", hash = "sha256:57545dfbd9f26fd3b07909d1bac3dacba4cb493fe872da2f4237b4c3597d7a3a"},
    {file = "cmarkgfm-2024.1.14-cp37-cp37m-musllinux_1_1_i686.whl", hash = "sha256:17b61950e32b6f1d6f93a28beaa5870a2b30e44ce846529ff301c986b817f036"},
    {file = "cmarkgfm-2024.1.14-cp37-cp37m-musllinux_1_1_x86_64.whl", hash = "sha256:f223e606b57eebfc81e95839cf22cbe5eaec0da9ecd42326cc46568e0029188c"},
    {file = "cmarkgfm-2024.1.14-cp37-cp37m-win32.whl", hash = "sha256:ff0bc7dbb86d1a6877b771ed715dbe0ab071872e8c6f5beb782528b70ac7eedc"},
    {file = "cmarkgfm-2024.1.14-cp37-cp37m-win_amd64.whl", hash = "sha256:a4b20a59dc14a074bae0bd04306e504512c1883b0c9b6e0e0c5b217797571363"},
    {file = "cmarkgfm-2024.1.14-cp38-cp38-macosx_10_9_x86_64.whl", hash = "sha256:4808af8c8c2c0a39dca8cc27406416d8254aec635f409dc5beb5cb5ed3af564a"},
    {file = "cmarkgfm-2024.1.14-cp38-cp38-macosx_11_0_arm64.whl", hash = "sha256:c71d6b44ffdd9a03e246a35c8a2b2454eb2a319fcfe5736ff62660259f9f4683"},
    {file = "cmarkgfm-2024.1.14-cp38-cp38-manylinux_2_17_aarch64.manylinux2014_aarch64.whl", hash = "sha256:7973812317ef672c5a1c59065294c4b280aaffb7fe1071b8c661de82021d4f1b"},
    {file = "cmarkgfm-2024.1.14-cp38-cp38-manylinux_2_17_x86_64.manylinux2014_x86_64.whl", hash = "sha256:966bd27336736b2950551348b1bfc71863ea26b76b245e9966ee80cc9cde04ee"},
    {file = "cmarkgfm-2024.1.14-cp38-cp38-manylinux_2_5_i686.manylinux1_i686.manylinux_2_17_i686.manylinux2014_i686.whl", hash = "sha256:02ba52518469ce85448e99beb20b1808c51f5a6cfee12554e5e810bfe774b791"},
    {file = "cmarkgfm-2024.1.14-cp38-cp38-musllinux_1_1_aarch64.whl", hash = "sha256:9659715d79cbc5c030d36709fe443a47b5c6dbb77bd05e5531feedbe5ad00ac5"},
    {file = "cmarkgfm-2024.1.14-cp38-cp38-musllinux_1_1_i686.whl", hash = "sha256:4ff20857ccded325e11323540d0506fc1bd9ceea9746f81f08fe3d7e52f0a6bc"},
    {file = "cmarkgfm-2024.1.14-cp38-cp38-musllinux_1_1_x86_64.whl", hash = "sha256:7eff0e618704c49ab3f77680a0722aced6c99d2fe590b8f8d655fa29ed17270e"},
    {file = "cmarkgfm-2024.1.14-cp38-cp38-win32.whl", hash = "sha256:93364f7ec9de71285f0a27552f9cfa30aa4d311d37c820daa65dc27ab211a746"},
    {file = "cmarkgfm-2024.1.14-cp38-cp38-win_amd64.whl", hash = "sha256:ca9e5388c88f907c9ef1cf588947ea00a1c60f3462fe1f213b591bbd27ceb8c1"},
    {file = "cmarkgfm-2024.1.14-cp39-cp39-macosx_10_9_x86_64.whl", hash = "sha256:1444f396fc18115065c66bb6f8a523167fa3bd153423d6fea272c4b486b473cf"},
    {file = "cmarkgfm-2024.1.14-cp39-cp39-macosx_11_0_arm64.whl", hash = "sha256:fdecbdad66b7738c711db33471d510c6279a01196920c43294d8071e51192807"},
    {file = "cmarkgfm-2024.1.14-cp39-cp39-manylinux_2_17_aarch64.manylinux2014_aarch64.whl", hash = "sha256:29b95d267ee1c61fd41d1f8634052a77b554517b18e8ffcdf0181e5e93a7af88"},
    {file = "cmarkgfm-2024.1.14-cp39-cp39-manylinux_2_17_x86_64.manylinux2014_x86_64.whl", hash = "sha256:56ec68a68164bf2ac0fd448d7fcb90d360a42072a6abd62be3e0d222240b7304"},
    {file = "cmarkgfm-2024.1.14-cp39-cp39-manylinux_2_5_i686.manylinux1_i686.manylinux_2_17_i686.manylinux2014_i686.whl", hash = "sha256:491d72e0dcc21ff9f3c9a905f785d4268170964500db498dc5b0f2f390fb340b"},
    {file = "cmarkgfm-2024.1.14-cp39-cp39-musllinux_1_1_aarch64.whl", hash = "sha256:0f7845837b0c4dbb3a1a7bbfffed264f011f86ea1cd0ce7823b533bcce0e1fe3"},
    {file = "cmarkgfm-2024.1.14-cp39-cp39-musllinux_1_1_i686.whl", hash = "sha256:0c66d0fecfdee9f2ffe34f640e346c653a951bddba79d192629c60958933aa51"},
    {file = "cmarkgfm-2024.1.14-cp39-cp39-musllinux_1_1_x86_64.whl", hash = "sha256:ec6eb4929bd231d7e5c0cf1154581be0a13b8d2b7aee2c30410066f363c765b9"},
    {file = "cmarkgfm-2024.1.14-cp39-cp39-win32.whl", hash = "sha256:d55795968751e1a8ddd2172c1d03d0107b9dd20445dbcd23dc9e0a80d95a0c5b"},
    {file = "cmarkgfm-2024.1.14-cp39-cp39-win_amd64.whl", hash = "sha256:b79662ab458c910c9785abacb8315d6f46487659d44398bd894f577bb6b9d04e"},
    {file = "cmarkgfm-2024.1.14.tar.gz", hash = "sha256:a208c1726e12ba385125cef2c6d375c41c5dea4cc2673a77af712b1dbf074e90"},
]

[package.dependencies]
cffi = ">=1.15.0"

[[package]]
name = "docutils"
version = "0.20.1"
description = "Docutils -- Python Documentation Utilities"
optional = false
python-versions = ">=3.7"
files = [
    {file = "docutils-0.20.1-py3-none-any.whl", hash = "sha256:96f387a2c5562db4476f09f13bbab2192e764cac08ebbf3a34a95d9b1e4a59d6"},
    {file = "docutils-0.20.1.tar.gz", hash = "sha256:f08a4e276c3a1583a86dce3e34aba3fe04d02bba2dd51ed16106244e8a923e3b"},
]

[[package]]
name = "nh3"
version = "0.2.17"
description = "Python bindings to the ammonia HTML sanitization library."
optional = false
python-versions = "*"
files = [
    {file = "nh3-0.2.17-cp37-abi3-macosx_10_12_x86_64.macosx_11_0_arm64.macosx_10_12_universal2.whl", hash = "sha256:551672fd71d06cd828e282abdb810d1be24e1abb7ae2543a8fa36a71c1006fe9"},
    {file = "nh3-0.2.17-cp37-abi3-macosx_10_12_x86_64.whl", hash = "sha256:c551eb2a3876e8ff2ac63dff1585236ed5dfec5ffd82216a7a174f7c5082a78a"},
    {file = "nh3-0.2.17-cp37-abi3-manylinux_2_12_i686.manylinux2010_i686.whl", hash = "sha256:66f17d78826096291bd264f260213d2b3905e3c7fae6dfc5337d49429f1dc9f3"},
    {file = "nh3-0.2.17-cp37-abi3-manylinux_2_17_aarch64.manylinux2014_aarch64.whl", hash = "sha256:0316c25b76289cf23be6b66c77d3608a4fdf537b35426280032f432f14291b9a"},
    {file = "nh3-0.2.17-cp37-abi3-manylinux_2_17_armv7l.manylinux2014_armv7l.whl", hash = "sha256:22c26e20acbb253a5bdd33d432a326d18508a910e4dcf9a3316179860d53345a"},
    {file = "nh3-0.2.17-cp37-abi3-manylinux_2_17_ppc64.manylinux2014_ppc64.whl", hash = "sha256:85cdbcca8ef10733bd31f931956f7fbb85145a4d11ab9e6742bbf44d88b7e351"},
    {file = "nh3-0.2.17-cp37-abi3-manylinux_2_17_ppc64le.manylinux2014_ppc64le.whl", hash = "sha256:40015514022af31975c0b3bca4014634fa13cb5dc4dbcbc00570acc781316dcc"},
    {file = "nh3-0.2.17-cp37-abi3-manylinux_2_17_s390x.manylinux2014_s390x.whl", hash = "sha256:ba73a2f8d3a1b966e9cdba7b211779ad8a2561d2dba9674b8a19ed817923f65f"},
    {file = "nh3-0.2.17-cp37-abi3-manylinux_2_17_x86_64.manylinux2014_x86_64.whl", hash = "sha256:c21bac1a7245cbd88c0b0e4a420221b7bfa838a2814ee5bb924e9c2f10a1120b"},
    {file = "nh3-0.2.17-cp37-abi3-musllinux_1_2_aarch64.whl", hash = "sha256:d7a25fd8c86657f5d9d576268e3b3767c5cd4f42867c9383618be8517f0f022a"},
    {file = "nh3-0.2.17-cp37-abi3-musllinux_1_2_armv7l.whl", hash = "sha256:c790769152308421283679a142dbdb3d1c46c79c823008ecea8e8141db1a2062"},
    {file = "nh3-0.2.17-cp37-abi3-musllinux_1_2_i686.whl", hash = "sha256:b4427ef0d2dfdec10b641ed0bdaf17957eb625b2ec0ea9329b3d28806c153d71"},
    {file = "nh3-0.2.17-cp37-abi3-musllinux_1_2_x86_64.whl", hash = "sha256:a3f55fabe29164ba6026b5ad5c3151c314d136fd67415a17660b4aaddacf1b10"},
    {file = "nh3-0.2.17-cp37-abi3-win32.whl", hash = "sha256:1a814dd7bba1cb0aba5bcb9bebcc88fd801b63e21e2450ae6c52d3b3336bc911"},
    {file = "nh3-0.2.17-cp37-abi3-win_amd64.whl", hash = "sha256:1aa52a7def528297f256de0844e8dd680ee279e79583c76d6fa73a978186ddfb"},
    {file = "nh3-0.2.17.tar.gz", hash = "sha256:40d0741a19c3d645e54efba71cb0d8c475b59135c1e3c580f879ad5514cbf028"},
]

[[package]]
name = "pycparser"
version = "2.22"
description = "C parser in Python"
optional = false
python-versions = ">=3.8"
files = [
    {file = "pycparser-2.22-py3-none-any.whl", hash = "sha256:c3702b6d3dd8c7abc1afa565d7e63d53a1d0bd86cdc24edd75470f4de499cfcc"},
    {file = "pycparser-2.22.tar.gz", hash = "sha256:491c8be9c040f5390f5bf44a5b07752bd07f56edf992381b05c701439eec10f6"},
]

[[package]]
name = "pygments"
version = "2.17.2"
description = "Pygments is a syntax highlighting package written in Python."
optional = false
python-versions = ">=3.7"
files = [
    {file = "pygments-2.17.2-py3-none-any.whl", hash = "sha256:b27c2826c47d0f3219f29554824c30c5e8945175d888647acd804ddd04af846c"},
    {file = "pygments-2.17.2.tar.gz", hash = "sha256:da46cec9fd2de5be3a8a784f434e4c4ab670b4ff54d605c4c2717e9d49c4c367"},
]

[package.extras]
plugins = ["importlib-metadata"]
windows-terminal = ["colorama (>=0.4.6)"]

[[package]]
name = "stpyv8"
version = "12.1.285.28"
description = "Python Wrapper for Google V8 Engine"
optional = false
python-versions = "*"
files = [
    {file = "stpyv8-12.1.285.28-cp310-cp310-macosx_11_0_x86_64.whl", hash = "sha256:924790d6e127724d9b4dbf9c9f8c9243f6717d86ff0b61e5e59bf6a24a1afa52"},
    {file = "stpyv8-12.1.285.28-cp310-cp310-manylinux_2_31_x86_64.whl", hash = "sha256:76f36e33c3f70a5fc463410ed0809d7b15e562547ae2013ec1b2a480d9308f72"},
    {file = "stpyv8-12.1.285.28-cp310-cp310-win_amd64.whl", hash = "sha256:f09b8e2bc8fe81e832c778c1aa82624f68d033df9649962fc3433f7c4f54cc6d"},
    {file = "stpyv8-12.1.285.28-cp311-cp311-macosx_10_9_universal2.whl", hash = "sha256:4249ab73c775e87b62b320945215ab4c5b1a22931b5d0a58654d9e67fee16826"},
    {file = "stpyv8-12.1.285.28-cp311-cp311-manylinux_2_31_x86_64.whl", hash = "sha256:5aed53cf14cb3977fb93586b354bbf3d239c6340c46ad526693718d70dad1c7b"},
    {file = "stpyv8-12.1.285.28-cp311-cp311-win_amd64.whl", hash = "sha256:83ba9829d0a0c464a3df22ce9e834b36c81fb62930e37aff3c01999af992ac13"},
    {file = "stpyv8-12.1.285.28-cp312-cp312-macosx_10_9_universal2.whl", hash = "sha256:04f679a20b547b68aafc9dc7d1f9ea575ecfdcef5621adca4dc0ee775461f0c8"},
    {file = "stpyv8-12.1.285.28-cp312-cp312-manylinux_2_31_x86_64.whl", hash = "sha256:c59c4098a4956e077b2e695d1a3acda105d4215c9c045978ef520f9fa389e261"},
    {file = "stpyv8-12.1.285.28-cp38-cp38-win_amd64.whl", hash = "sha256:fd4f60c7673f58b46715f225ec53f4305dcfba7cfd7ecda810df118242b9a010"},
    {file = "stpyv8-12.1.285.28-cp39-cp39-macosx_11_0_x86_64.whl", hash = "sha256:ab20c92a2c15884cf4b8c08ac17d683c8e3e134ae55c5828f791308209fed030"},
    {file = "stpyv8-12.1.285.28-cp39-cp39-manylinux_2_31_x86_64.whl", hash = "sha256:1c50f4beaa223a179141512fcfbe1ac3927f84c89eb1e6bb545c2a85f85017f5"},
    {file = "stpyv8-12.1.285.28-cp39-cp39-win_amd64.whl", hash = "sha256:46ad7f2e1c65da1ee3538404fe6365a8051c1d83a3c812eba1a0d21f52940be0"},
]

[package.dependencies]
wheel = "*"

[[package]]
name = "wheel"
version = "0.43.0"
description = "A built-package format for Python"
optional = false
python-versions = ">=3.8"
files = [
    {file = "wheel-0.43.0-py3-none-any.whl", hash = "sha256:55c570405f142630c6b9f72fe09d9b67cf1477fcf543ae5b8dcb1f5b7377da81"},
    {file = "wheel-0.43.0.tar.gz", hash = "sha256:465ef92c69fa5c5da2d1cf8ac40559a8c940886afcef87dcf14b9470862f1d85"},
]

[package.extras]
test = ["pytest (>=6.0.0)", "setuptools (>=65)"]

[metadata]
lock-version = "2.0"
python-versions = "~3.11"
content-hash = "c7b4c25914bdc84dd08cd5d7da97d4ea75d73b3fcc463eac373cca73ea9cbe14"
